dependencies:
- name: example-voting-app-vote
  repository: https://chartmuseum.pro.harbur.io
  version: 0.1.0
- name: example-voting-app-result
  repository: https://chartmuseum.pro.harbur.io
  version: 0.1.0
- name: example-voting-app-worker
  repository: https://chartmuseum.pro.harbur.io
  version: 0.1.0
- name: redis
  repository: https://kubernetes-charts.storage.googleapis.com
  version: 9.1.3
- name: postgresql
  repository: https://kubernetes-charts.storage.googleapis.com
  version: 6.3.2
digest: sha256:634ed44a0f8c13b4c28f8ddcd90d542011014474fd7c5729883bcc363ca2dc22
generated: "2019-09-01T22:28:02.335839+02:00"
